
Microsoft Visual Studio Solution File, Format Version 12.00
# Visual Studio 15
VisualStudioVersion = 15.0.28307.1259
MinimumVisualStudioVersion = 10.0.40219.1
Project("{FAE04EC0-301F-11D3-BF4B-00C04F79EFBC}") = "Incrementing and Decrementing numbers", "Incrementing and Decrementing numbers\Incrementing and Decrementing numbers.csproj", "{82299E16-8A24-41F8-9E42-1CE90018959A}"
EndProject
Global
	GlobalSection(SolutionConfigurationPlatforms) = preSolution
		Debug|Any CPU = Debug|Any CPU
		Release|Any CPU = Release|Any CPU
	EndGlobalSection
	GlobalSection(ProjectConfigurationPlatforms) = postSolution
		{82299E16-8A24-41F8-9E42-1CE90018959A}.Debug|Any CPU.ActiveCfg = Debug|Any CPU
		{82299E16-8A24-41F8-9E42-1CE90018959A}.Debug|Any CPU.Build.0 = Debug|Any CPU
		{82299E16-8A24-41F8-9E42-1CE90018959A}.Release|Any CPU.ActiveCfg = Release|Any CPU
		{82299E16-8A24-41F8-9E42-1CE90018959A}.Release|Any CPU.Build.0 = Release|Any CPU
	EndGlobalSection
	GlobalSection(SolutionProperties) = preSolution
		HideSolutionNode = FALSE
	EndGlobalSection
	GlobalSection(ExtensibilityGlobals) = postSolution
		SolutionGuid = {5F5C0AA3-762C-45F6-9D80-3EC562DFAAB5}
	EndGlobalSection
EndGlobal
