
Microsoft Visual Studio Solution File, Format Version 12.00
# Visual Studio 15
VisualStudioVersion = 15.0.28307.1259
MinimumVisualStudioVersion = 10.0.40219.1
Project("{FAE04EC0-301F-11D3-BF4B-00C04F79EFBC}") = "Binary Files", "Binary Files\Binary Files.csproj", "{6C58AFE2-2B65-4057-A3C4-4CB26748DE91}"
EndProject
Global
	GlobalSection(SolutionConfigurationPlatforms) = preSolution
		Debug|Any CPU = Debug|Any CPU
		Release|Any CPU = Release|Any CPU
	EndGlobalSection
	GlobalSection(ProjectConfigurationPlatforms) = postSolution
		{6C58AFE2-2B65-4057-A3C4-4CB26748DE91}.Debug|Any CPU.ActiveCfg = Debug|Any CPU
		{6C58AFE2-2B65-4057-A3C4-4CB26748DE91}.Debug|Any CPU.Build.0 = Debug|Any CPU
		{6C58AFE2-2B65-4057-A3C4-4CB26748DE91}.Release|Any CPU.ActiveCfg = Release|Any CPU
		{6C58AFE2-2B65-4057-A3C4-4CB26748DE91}.Release|Any CPU.Build.0 = Release|Any CPU
	EndGlobalSection
	GlobalSection(SolutionProperties) = preSolution
		HideSolutionNode = FALSE
	EndGlobalSection
	GlobalSection(ExtensibilityGlobals) = postSolution
		SolutionGuid = {357EA43F-DD81-4E96-B9DE-6859413CC2B3}
	EndGlobalSection
EndGlobal
