
Microsoft Visual Studio Solution File, Format Version 12.00
# Visual Studio 15
VisualStudioVersion = 15.0.28307.1259
MinimumVisualStudioVersion = 10.0.40219.1
Project("{FAE04EC0-301F-11D3-BF4B-00C04F79EFBC}") = "Conversions", "Conversions\Conversions.csproj", "{29582C2B-56EF-45E8-9115-60935F7C4908}"
EndProject
Global
	GlobalSection(SolutionConfigurationPlatforms) = preSolution
		Debug|Any CPU = Debug|Any CPU
		Release|Any CPU = Release|Any CPU
	EndGlobalSection
	GlobalSection(ProjectConfigurationPlatforms) = postSolution
		{29582C2B-56EF-45E8-9115-60935F7C4908}.Debug|Any CPU.ActiveCfg = Debug|Any CPU
		{29582C2B-56EF-45E8-9115-60935F7C4908}.Debug|Any CPU.Build.0 = Debug|Any CPU
		{29582C2B-56EF-45E8-9115-60935F7C4908}.Release|Any CPU.ActiveCfg = Release|Any CPU
		{29582C2B-56EF-45E8-9115-60935F7C4908}.Release|Any CPU.Build.0 = Release|Any CPU
	EndGlobalSection
	GlobalSection(SolutionProperties) = preSolution
		HideSolutionNode = FALSE
	EndGlobalSection
	GlobalSection(ExtensibilityGlobals) = postSolution
		SolutionGuid = {5F4CEF97-64FD-4511-9C33-FDFEC741FEAB}
	EndGlobalSection
EndGlobal
