
Microsoft Visual Studio Solution File, Format Version 12.00
# Visual Studio 15
VisualStudioVersion = 15.0.28307.1259
MinimumVisualStudioVersion = 10.0.40219.1
Project("{FAE04EC0-301F-11D3-BF4B-00C04F79EFBC}") = "Variables", "Variables\Variables.csproj", "{F7CFF362-7222-434A-9348-711ECBAC15D2}"
EndProject
Global
	GlobalSection(SolutionConfigurationPlatforms) = preSolution
		Debug|Any CPU = Debug|Any CPU
		Release|Any CPU = Release|Any CPU
	EndGlobalSection
	GlobalSection(ProjectConfigurationPlatforms) = postSolution
		{F7CFF362-7222-434A-9348-711ECBAC15D2}.Debug|Any CPU.ActiveCfg = Debug|Any CPU
		{F7CFF362-7222-434A-9348-711ECBAC15D2}.Debug|Any CPU.Build.0 = Debug|Any CPU
		{F7CFF362-7222-434A-9348-711ECBAC15D2}.Release|Any CPU.ActiveCfg = Release|Any CPU
		{F7CFF362-7222-434A-9348-711ECBAC15D2}.Release|Any CPU.Build.0 = Release|Any CPU
	EndGlobalSection
	GlobalSection(SolutionProperties) = preSolution
		HideSolutionNode = FALSE
	EndGlobalSection
	GlobalSection(ExtensibilityGlobals) = postSolution
		SolutionGuid = {D42F3CF1-7600-498F-94B4-06787EC0D5C2}
	EndGlobalSection
EndGlobal
